
Microsoft Visual Studio Solution File, Format Version 12.00
# Visual Studio 15
VisualStudioVersion = 15.0.28010.2036
MinimumVisualStudioVersion = 10.0.40219.1
Project("{FAE04EC0-301F-11D3-BF4B-00C04F79EFBC}") = "Redis_Client", "Redis_Client\Redis_Client.csproj", "{42790489-84A2-4432-A996-25481D4BF0E6}"
EndProject
Global
	GlobalSection(SolutionConfigurationPlatforms) = preSolution
		Debug|Any CPU = Debug|Any CPU
		Release|Any CPU = Release|Any CPU
	EndGlobalSection
	GlobalSection(ProjectConfigurationPlatforms) = postSolution
		{42790489-84A2-4432-A996-25481D4BF0E6}.Debug|Any CPU.ActiveCfg = Debug|Any CPU
		{42790489-84A2-4432-A996-25481D4BF0E6}.Debug|Any CPU.Build.0 = Debug|Any CPU
		{42790489-84A2-4432-A996-25481D4BF0E6}.Release|Any CPU.ActiveCfg = Release|Any CPU
		{42790489-84A2-4432-A996-25481D4BF0E6}.Release|Any CPU.Build.0 = Release|Any CPU
	EndGlobalSection
	GlobalSection(SolutionProperties) = preSolution
		HideSolutionNode = FALSE
	EndGlobalSection
	GlobalSection(ExtensibilityGlobals) = postSolution
		SolutionGuid = {194BD87D-AFBF-499D-B4C0-377BD33F2D39}
	EndGlobalSection
EndGlobal
